
Microsoft Visual Studio Solution File, Format Version 10.00
# Visual Studio 2008
Project("{FAE04EC0-301F-11D3-BF4B-00C04F79EFBC}") = "AutogManager", "AutogManager.csproj", "{FEC775C8-1FEC-4357-BB7F-EE0E084B6CD7}"
EndProject
Global
	GlobalSection(SolutionConfigurationPlatforms) = preSolution
		Debug|Any CPU = Debug|Any CPU
		Release|Any CPU = Release|Any CPU
	EndGlobalSection
	GlobalSection(ProjectConfigurationPlatforms) = postSolution
		{FEC775C8-1FEC-4357-BB7F-EE0E084B6CD7}.Debug|Any CPU.ActiveCfg = Debug|Any CPU
		{FEC775C8-1FEC-4357-BB7F-EE0E084B6CD7}.Debug|Any CPU.Build.0 = Debug|Any CPU
		{FEC775C8-1FEC-4357-BB7F-EE0E084B6CD7}.Release|Any CPU.ActiveCfg = Release|Any CPU
		{FEC775C8-1FEC-4357-BB7F-EE0E084B6CD7}.Release|Any CPU.Build.0 = Release|Any CPU
	EndGlobalSection
	GlobalSection(SolutionProperties) = preSolution
		HideSolutionNode = FALSE
	EndGlobalSection
EndGlobal
